// !$*UTF8*$!
{
	archiveVersion = 1;
	classes = {
	};
	objectVersion = 55;
	objects = {

/* Begin PBXBuildFile section */
		3038C0222746CFDC004C482D /* MarkViewTabBar.xib in Resources */ = {isa = PBXBuildFile; fileRef = 3038C01F2746CFDC004C482D /* MarkViewTabBar.xib */; };
		3038C0232746CFDC004C482D /* MarkViewTabBarViewController.swift in Sources */ = {isa = PBXBuildFile; fileRef = 3038C0212746CFDC004C482D /* MarkViewTabBarViewController.swift */; };
		7B2ED5922746DD3400474590 /* MarkViewTabBarWrapper.swift in Sources */ = {isa = PBXBuildFile; fileRef = 7B2ED5912746DD3400474590 /* MarkViewTabBarWrapper.swift */; };
		7B2ED5962746DFA100474590 /* MarkViewTabBarDelegate.swift in Sources */ = {isa = PBXBuildFile; fileRef = 7B2ED5952746DFA000474590 /* MarkViewTabBarDelegate.swift */; };
		7B2ED59B2746F89C00474590 /* ShareViewTabBar.xib in Resources */ = {isa = PBXBuildFile; fileRef = 7B2ED59A2746F89C00474590 /* ShareViewTabBar.xib */; };
		7B2ED59E2746FCFB00474590 /* ShareViewTabBarViewController.swift in Sources */ = {isa = PBXBuildFile; fileRef = 7B2ED59D2746FCFB00474590 /* ShareViewTabBarViewController.swift */; };
		7B2ED5A12746FE2400474590 /* ShareViewTabBarDelegate.swift in Sources */ = {isa = PBXBuildFile; fileRef = 7B2ED5A02746FE2400474590 /* ShareViewTabBarDelegate.swift */; };
		7B2ED5A32746FE7D00474590 /* ShareViewTabBarWrapper.swift in Sources */ = {isa = PBXBuildFile; fileRef = 7B2ED5A22746FE7D00474590 /* ShareViewTabBarWrapper.swift */; };
		7B2ED5A52747439600474590 /* DataShareHandler.swift in Sources */ = {isa = PBXBuildFile; fileRef = 7B2ED5A42747439600474590 /* DataShareHandler.swift */; };
		8D96A72C2746068600EFD745 /* Settings.bundle in Resources */ = {isa = PBXBuildFile; fileRef = 8D96A72B2746068600EFD745 /* Settings.bundle */; };
		BFEB6303274573D600086013 /* AppDelegate.swift in Sources */ = {isa = PBXBuildFile; fileRef = BFEB6302274573D600086013 /* AppDelegate.swift */; };
		BFEB6305274573D600086013 /* SceneDelegate.swift in Sources */ = {isa = PBXBuildFile; fileRef = BFEB6304274573D600086013 /* SceneDelegate.swift */; };
		BFEB6307274573D600086013 /* InitialViewController.swift in Sources */ = {isa = PBXBuildFile; fileRef = BFEB6306274573D600086013 /* InitialViewController.swift */; };
		BFEB630C274573D800086013 /* Assets.xcassets in Resources */ = {isa = PBXBuildFile; fileRef = BFEB630B274573D800086013 /* Assets.xcassets */; };
		BFEB630F274573D800086013 /* LaunchScreen.storyboard in Resources */ = {isa = PBXBuildFile; fileRef = BFEB630D274573D800086013 /* LaunchScreen.storyboard */; };
		BFEB6317274591BC00086013 /* InitialView.swift in Sources */ = {isa = PBXBuildFile; fileRef = BFEB6316274591BC00086013 /* InitialView.swift */; };
		BFEB631A2745A1A200086013 /* Coordinator.swift in Sources */ = {isa = PBXBuildFile; fileRef = BFEB63192745A1A200086013 /* Coordinator.swift */; };
		BFEB63222745AABE00086013 /* MapView.swift in Sources */ = {isa = PBXBuildFile; fileRef = BFEB63212745AABE00086013 /* MapView.swift */; };
		BFEB63242745AAF000086013 /* MapViewController.swift in Sources */ = {isa = PBXBuildFile; fileRef = BFEB63232745AAF000086013 /* MapViewController.swift */; };
		BFEB63272745B54700086013 /* MainCoordinator.swift in Sources */ = {isa = PBXBuildFile; fileRef = BFEB63262745B54700086013 /* MainCoordinator.swift */; };
		BFEB632A2745CA9E00086013 /* Combo.ttf in Resources */ = {isa = PBXBuildFile; fileRef = BFEB63292745CA9E00086013 /* Combo.ttf */; };
/* End PBXBuildFile section */

/* Begin PBXFileReference section */
		3038C01F2746CFDC004C482D /* MarkViewTabBar.xib */ = {isa = PBXFileReference; fileEncoding = 4; lastKnownFileType = file.xib; path = MarkViewTabBar.xib; sourceTree = "<group>"; };
		3038C0212746CFDC004C482D /* MarkViewTabBarViewController.swift */ = {isa = PBXFileReference; fileEncoding = 4; lastKnownFileType = sourcecode.swift; path = MarkViewTabBarViewController.swift; sourceTree = "<group>"; };
		7B2ED5912746DD3400474590 /* MarkViewTabBarWrapper.swift */ = {isa = PBXFileReference; fileEncoding = 4; lastKnownFileType = sourcecode.swift; path = MarkViewTabBarWrapper.swift; sourceTree = "<group>"; };
		7B2ED5952746DFA000474590 /* MarkViewTabBarDelegate.swift */ = {isa = PBXFileReference; fileEncoding = 4; lastKnownFileType = sourcecode.swift; path = MarkViewTabBarDelegate.swift; sourceTree = "<group>"; };
		7B2ED59A2746F89C00474590 /* ShareViewTabBar.xib */ = {isa = PBXFileReference; lastKnownFileType = file.xib; path = ShareViewTabBar.xib; sourceTree = "<group>"; };
		7B2ED59D2746FCFB00474590 /* ShareViewTabBarViewController.swift */ = {isa = PBXFileReference; lastKnownFileType = sourcecode.swift; path = ShareViewTabBarViewController.swift; sourceTree = "<group>"; };
		7B2ED5A02746FE2400474590 /* ShareViewTabBarDelegate.swift */ = {isa = PBXFileReference; lastKnownFileType = sourcecode.swift; path = ShareViewTabBarDelegate.swift; sourceTree = "<group>"; };
		7B2ED5A22746FE7D00474590 /* ShareViewTabBarWrapper.swift */ = {isa = PBXFileReference; lastKnownFileType = sourcecode.swift; path = ShareViewTabBarWrapper.swift; sourceTree = "<group>"; };
		7B2ED5A42747439600474590 /* DataShareHandler.swift */ = {isa = PBXFileReference; lastKnownFileType = sourcecode.swift; path = DataShareHandler.swift; sourceTree = "<group>"; };
		8D96A72B2746068600EFD745 /* Settings.bundle */ = {isa = PBXFileReference; lastKnownFileType = "wrapper.plug-in"; path = Settings.bundle; sourceTree = "<group>"; };
		BFEB62FF274573D600086013 /* nano7.app */ = {isa = PBXFileReference; explicitFileType = wrapper.application; includeInIndex = 0; path = nano7.app; sourceTree = BUILT_PRODUCTS_DIR; };
		BFEB6302274573D600086013 /* AppDelegate.swift */ = {isa = PBXFileReference; lastKnownFileType = sourcecode.swift; path = AppDelegate.swift; sourceTree = "<group>"; };
		BFEB6304274573D600086013 /* SceneDelegate.swift */ = {isa = PBXFileReference; lastKnownFileType = sourcecode.swift; path = SceneDelegate.swift; sourceTree = "<group>"; };
		BFEB6306274573D600086013 /* InitialViewController.swift */ = {isa = PBXFileReference; lastKnownFileType = sourcecode.swift; path = InitialViewController.swift; sourceTree = "<group>"; };
		BFEB630B274573D800086013 /* Assets.xcassets */ = {isa = PBXFileReference; lastKnownFileType = folder.assetcatalog; path = Assets.xcassets; sourceTree = "<group>"; };
		BFEB630E274573D800086013 /* Base */ = {isa = PBXFileReference; lastKnownFileType = file.storyboard; name = Base; path = Base.lproj/LaunchScreen.storyboard; sourceTree = "<group>"; };
		BFEB6310274573D800086013 /* Info.plist */ = {isa = PBXFileReference; lastKnownFileType = text.plist.xml; path = Info.plist; sourceTree = "<group>"; };
		BFEB6316274591BC00086013 /* InitialView.swift */ = {isa = PBXFileReference; lastKnownFileType = sourcecode.swift; path = InitialView.swift; sourceTree = "<group>"; };
		BFEB63192745A1A200086013 /* Coordinator.swift */ = {isa = PBXFileReference; lastKnownFileType = sourcecode.swift; path = Coordinator.swift; sourceTree = "<group>"; };
		BFEB63212745AABE00086013 /* MapView.swift */ = {isa = PBXFileReference; lastKnownFileType = sourcecode.swift; path = MapView.swift; sourceTree = "<group>"; };
		BFEB63232745AAF000086013 /* MapViewController.swift */ = {isa = PBXFileReference; lastKnownFileType = sourcecode.swift; path = MapViewController.swift; sourceTree = "<group>"; };
		BFEB63262745B54700086013 /* MainCoordinator.swift */ = {isa = PBXFileReference; lastKnownFileType = sourcecode.swift; path = MainCoordinator.swift; sourceTree = "<group>"; };
		BFEB63292745CA9E00086013 /* Combo.ttf */ = {isa = PBXFileReference; lastKnownFileType = file; path = Combo.ttf; sourceTree = "<group>"; };
/* End PBXFileReference section */

/* Begin PBXFrameworksBuildPhase section */
		BFEB62FC274573D500086013 /* Frameworks */ = {
			isa = PBXFrameworksBuildPhase;
			buildActionMask = 2147483647;
			files = (
			);
			runOnlyForDeploymentPostprocessing = 0;
		};
/* End PBXFrameworksBuildPhase section */

/* Begin PBXGroup section */
		3038C01E2746CFDC004C482D /* XIBs */ = {
			isa = PBXGroup;
			children = (
				7B2ED5992746F76700474590 /* ShareView */,
				7B2ED5972746F08F00474590 /* MarkView */,
			);
			path = XIBs;
			sourceTree = "<group>";
		};
		3038C0202746CFDC004C482D /* Controllers */ = {
			isa = PBXGroup;
			children = (
				3038C0212746CFDC004C482D /* MarkViewTabBarViewController.swift */,
			);
			path = Controllers;
			sourceTree = "<group>";
		};
		3038C0242746D670004C482D /* Coordinator */ = {
			isa = PBXGroup;
			children = (
				BFEB63262745B54700086013 /* MainCoordinator.swift */,
				BFEB63192745A1A200086013 /* Coordinator.swift */,
			);
			path = Coordinator;
			sourceTree = "<group>";
		};
		7B2ED5972746F08F00474590 /* MarkView */ = {
			isa = PBXGroup;
			children = (
				3038C0202746CFDC004C482D /* Controllers */,
				7B2ED5952746DFA000474590 /* MarkViewTabBarDelegate.swift */,
				7B2ED5912746DD3400474590 /* MarkViewTabBarWrapper.swift */,
				3038C01F2746CFDC004C482D /* MarkViewTabBar.xib */,
			);
			path = MarkView;
			sourceTree = "<group>";
		};
		7B2ED5982746F0B300474590 /* Delegate */ = {
			isa = PBXGroup;
			children = (
				BFEB6302274573D600086013 /* AppDelegate.swift */,
				BFEB6304274573D600086013 /* SceneDelegate.swift */,
			);
			path = Delegate;
			sourceTree = "<group>";
		};
		7B2ED5992746F76700474590 /* ShareView */ = {
			isa = PBXGroup;
			children = (
				7B2ED59C2746FCDF00474590 /* Controllers */,
				7B2ED5A02746FE2400474590 /* ShareViewTabBarDelegate.swift */,
				7B2ED5A22746FE7D00474590 /* ShareViewTabBarWrapper.swift */,
				7B2ED59A2746F89C00474590 /* ShareViewTabBar.xib */,
			);
			path = ShareView;
			sourceTree = "<group>";
		};
		7B2ED59C2746FCDF00474590 /* Controllers */ = {
			isa = PBXGroup;
			children = (
				7B2ED59D2746FCFB00474590 /* ShareViewTabBarViewController.swift */,
			);
			path = Controllers;
			sourceTree = "<group>";
		};
		BFEB62F6274573D500086013 = {
			isa = PBXGroup;
			children = (
				BFEB6301274573D600086013 /* nano7 */,
				BFEB6300274573D600086013 /* Products */,
			);
			sourceTree = "<group>";
		};
		BFEB6300274573D600086013 /* Products */ = {
			isa = PBXGroup;
			children = (
				BFEB62FF274573D600086013 /* nano7.app */,
			);
			name = Products;
			sourceTree = "<group>";
		};
		BFEB6301274573D600086013 /* nano7 */ = {
			isa = PBXGroup;
			children = (
				3038C01E2746CFDC004C482D /* XIBs */,
				BFEB63252745B4F000086013 /* Views */,
				BFEB631B2745A62400086013 /* Utility */,
				BFEB630B274573D800086013 /* Assets.xcassets */,
				BFEB630D274573D800086013 /* LaunchScreen.storyboard */,
				BFEB6310274573D800086013 /* Info.plist */,
				8D96A72B2746068600EFD745 /* Settings.bundle */,
			);
			path = nano7;
			sourceTree = "<group>";
		};
		BFEB6318274591C400086013 /* InitialView */ = {
			isa = PBXGroup;
			children = (
				BFEB6316274591BC00086013 /* InitialView.swift */,
				BFEB6306274573D600086013 /* InitialViewController.swift */,
			);
			path = InitialView;
			sourceTree = "<group>";
		};
		BFEB631B2745A62400086013 /* Utility */ = {
			isa = PBXGroup;
			children = (
				7B2ED5982746F0B300474590 /* Delegate */,
				3038C0242746D670004C482D /* Coordinator */,
				BFEB63282745CA8400086013 /* Fonts */,
				7B2ED5A42747439600474590 /* DataShareHandler.swift */,
			);
			path = Utility;
			sourceTree = "<group>";
		};
		BFEB63202745AA9500086013 /* MapView */ = {
			isa = PBXGroup;
			children = (
				BFEB63212745AABE00086013 /* MapView.swift */,
				BFEB63232745AAF000086013 /* MapViewController.swift */,
			);
			path = MapView;
			sourceTree = "<group>";
		};
		BFEB63252745B4F000086013 /* Views */ = {
			isa = PBXGroup;
			children = (
				BFEB6318274591C400086013 /* InitialView */,
				BFEB63202745AA9500086013 /* MapView */,
			);
			path = Views;
			sourceTree = "<group>";
		};
		BFEB63282745CA8400086013 /* Fonts */ = {
			isa = PBXGroup;
			children = (
				BFEB63292745CA9E00086013 /* Combo.ttf */,
			);
			path = Fonts;
			sourceTree = "<group>";
		};
/* End PBXGroup section */

/* Begin PBXNativeTarget section */
		BFEB62FE274573D500086013 /* nano7 */ = {
			isa = PBXNativeTarget;
			buildConfigurationList = BFEB6313274573D800086013 /* Build configuration list for PBXNativeTarget "nano7" */;
			buildPhases = (
				BFEB62FB274573D500086013 /* Sources */,
				BFEB62FC274573D500086013 /* Frameworks */,
				BFEB62FD274573D500086013 /* Resources */,
			);
			buildRules = (
			);
			dependencies = (
			);
			name = nano7;
			productName = nano7;
			productReference = BFEB62FF274573D600086013 /* nano7.app */;
			productType = "com.apple.product-type.application";
		};
/* End PBXNativeTarget section */

/* Begin PBXProject section */
		BFEB62F7274573D500086013 /* Project object */ = {
			isa = PBXProject;
			attributes = {
				BuildIndependentTargetsInParallel = 1;
				LastSwiftUpdateCheck = 1310;
				LastUpgradeCheck = 1310;
				TargetAttributes = {
					BFEB62FE274573D500086013 = {
						CreatedOnToolsVersion = 13.1;
					};
				};
			};
			buildConfigurationList = BFEB62FA274573D500086013 /* Build configuration list for PBXProject "nano7" */;
			compatibilityVersion = "Xcode 13.0";
			developmentRegion = en;
			hasScannedForEncodings = 0;
			knownRegions = (
				en,
				Base,
			);
			mainGroup = BFEB62F6274573D500086013;
			productRefGroup = BFEB6300274573D600086013 /* Products */;
			projectDirPath = "";
			projectRoot = "";
			targets = (
				BFEB62FE274573D500086013 /* nano7 */,
			);
		};
/* End PBXProject section */

/* Begin PBXResourcesBuildPhase section */
		BFEB62FD274573D500086013 /* Resources */ = {
			isa = PBXResourcesBuildPhase;
			buildActionMask = 2147483647;
			files = (
				7B2ED59B2746F89C00474590 /* ShareViewTabBar.xib in Resources */,
				8D96A72C2746068600EFD745 /* Settings.bundle in Resources */,
				3038C0222746CFDC004C482D /* MarkViewTabBar.xib in Resources */,
				BFEB630F274573D800086013 /* LaunchScreen.storyboard in Resources */,
				BFEB632A2745CA9E00086013 /* Combo.ttf in Resources */,
				BFEB630C274573D800086013 /* Assets.xcassets in Resources */,
			);
			runOnlyForDeploymentPostprocessing = 0;
		};
/* End PBXResourcesBuildPhase section */

/* Begin PBXSourcesBuildPhase section */
		BFEB62FB274573D500086013 /* Sources */ = {
			isa = PBXSourcesBuildPhase;
			buildActionMask = 2147483647;
			files = (
				BFEB63222745AABE00086013 /* MapView.swift in Sources */,
				BFEB63272745B54700086013 /* MainCoordinator.swift in Sources */,
				3038C0232746CFDC004C482D /* MarkViewTabBarViewController.swift in Sources */,
				BFEB6307274573D600086013 /* InitialViewController.swift in Sources */,
				7B2ED59E2746FCFB00474590 /* ShareViewTabBarViewController.swift in Sources */,
				7B2ED5A12746FE2400474590 /* ShareViewTabBarDelegate.swift in Sources */,
				BFEB6317274591BC00086013 /* InitialView.swift in Sources */,
				7B2ED5922746DD3400474590 /* MarkViewTabBarWrapper.swift in Sources */,
				BFEB631A2745A1A200086013 /* Coordinator.swift in Sources */,
				BFEB6303274573D600086013 /* AppDelegate.swift in Sources */,
				BFEB6305274573D600086013 /* SceneDelegate.swift in Sources */,
				BFEB63242745AAF000086013 /* MapViewController.swift in Sources */,
				7B2ED5A32746FE7D00474590 /* ShareViewTabBarWrapper.swift in Sources */,
				7B2ED5A52747439600474590 /* DataShareHandler.swift in Sources */,
				7B2ED5962746DFA100474590 /* MarkViewTabBarDelegate.swift in Sources */,
			);
			runOnlyForDeploymentPostprocessing = 0;
		};
/* End PBXSourcesBuildPhase section */

/* Begin PBXVariantGroup section */
		BFEB630D274573D800086013 /* LaunchScreen.storyboard */ = {
			isa = PBXVariantGroup;
			children = (
				BFEB630E274573D800086013 /* Base */,
			);
			name = LaunchScreen.storyboard;
			sourceTree = "<group>";
		};
/* End PBXVariantGroup section */

/* Begin XCBuildConfiguration section */
		BFEB6311274573D800086013 /* Debug */ = {
			isa = XCBuildConfiguration;
			buildSettings = {
				ALWAYS_SEARCH_USER_PATHS = NO;
				CLANG_ANALYZER_NONNULL = YES;
				CLANG_ANALYZER_NUMBER_OBJECT_CONVERSION = YES_AGGRESSIVE;
				CLANG_CXX_LANGUAGE_STANDARD = "gnu++17";
				CLANG_CXX_LIBRARY = "libc++";
				CLANG_ENABLE_MODULES = YES;
				CLANG_ENABLE_OBJC_ARC = YES;
				CLANG_ENABLE_OBJC_WEAK = YES;
				CLANG_WARN_BLOCK_CAPTURE_AUTORELEASING = YES;
				CLANG_WARN_BOOL_CONVERSION = YES;
				CLANG_WARN_COMMA = YES;
				CLANG_WARN_CONSTANT_CONVERSION = YES;
				CLANG_WARN_DEPRECATED_OBJC_IMPLEMENTATIONS = YES;
				CLANG_WARN_DIRECT_OBJC_ISA_USAGE = YES_ERROR;
				CLANG_WARN_DOCUMENTATION_COMMENTS = YES;
				CLANG_WARN_EMPTY_BODY = YES;
				CLANG_WARN_ENUM_CONVERSION = YES;
				CLANG_WARN_INFINITE_RECURSION = YES;
				CLANG_WARN_INT_CONVERSION = YES;
				CLANG_WARN_NON_LITERAL_NULL_CONVERSION = YES;
				CLANG_WARN_OBJC_IMPLICIT_RETAIN_SELF = YES;
				CLANG_WARN_OBJC_LITERAL_CONVERSION = YES;
				CLANG_WARN_OBJC_ROOT_CLASS = YES_ERROR;
				CLANG_WARN_QUOTED_INCLUDE_IN_FRAMEWORK_HEADER = YES;
				CLANG_WARN_RANGE_LOOP_ANALYSIS = YES;
				CLANG_WARN_STRICT_PROTOTYPES = YES;
				CLANG_WARN_SUSPICIOUS_MOVE = YES;
				CLANG_WARN_UNGUARDED_AVAILABILITY = YES_AGGRESSIVE;
				CLANG_WARN_UNREACHABLE_CODE = YES;
				CLANG_WARN__DUPLICATE_METHOD_MATCH = YES;
				COPY_PHASE_STRIP = NO;
				DEBUG_INFORMATION_FORMAT = dwarf;
				ENABLE_STRICT_OBJC_MSGSEND = YES;
				ENABLE_TESTABILITY = YES;
				GCC_C_LANGUAGE_STANDARD = gnu11;
				GCC_DYNAMIC_NO_PIC = NO;
				GCC_NO_COMMON_BLOCKS = YES;
				GCC_OPTIMIZATION_LEVEL = 0;
				GCC_PREPROCESSOR_DEFINITIONS = (
					"DEBUG=1",
					"$(inherited)",
				);
				GCC_WARN_64_TO_32_BIT_CONVERSION = YES;
				GCC_WARN_ABOUT_RETURN_TYPE = YES_ERROR;
				GCC_WARN_UNDECLARED_SELECTOR = YES;
				GCC_WARN_UNINITIALIZED_AUTOS = YES_AGGRESSIVE;
				GCC_WARN_UNUSED_FUNCTION = YES;
				GCC_WARN_UNUSED_VARIABLE = YES;
				IPHONEOS_DEPLOYMENT_TARGET = 15.0;
				MTL_ENABLE_DEBUG_INFO = INCLUDE_SOURCE;
				MTL_FAST_MATH = YES;
				ONLY_ACTIVE_ARCH = YES;
				SDKROOT = iphoneos;
				SWIFT_ACTIVE_COMPILATION_CONDITIONS = DEBUG;
				SWIFT_OPTIMIZATION_LEVEL = "-Onone";
			};
			name = Debug;
		};
		BFEB6312274573D800086013 /* Release */ = {
			isa = XCBuildConfiguration;
			buildSettings = {
				ALWAYS_SEARCH_USER_PATHS = NO;
				CLANG_ANALYZER_NONNULL = YES;
				CLANG_ANALYZER_NUMBER_OBJECT_CONVERSION = YES_AGGRESSIVE;
				CLANG_CXX_LANGUAGE_STANDARD = "gnu++17";
				CLANG_CXX_LIBRARY = "libc++";
				CLANG_ENABLE_MODULES = YES;
				CLANG_ENABLE_OBJC_ARC = YES;
				CLANG_ENABLE_OBJC_WEAK = YES;
				CLANG_WARN_BLOCK_CAPTURE_AUTORELEASING = YES;
				CLANG_WARN_BOOL_CONVERSION = YES;
				CLANG_WARN_COMMA = YES;
				CLANG_WARN_CONSTANT_CONVERSION = YES;
				CLANG_WARN_DEPRECATED_OBJC_IMPLEMENTATIONS = YES;
				CLANG_WARN_DIRECT_OBJC_ISA_USAGE = YES_ERROR;
				CLANG_WARN_DOCUMENTATION_COMMENTS = YES;
				CLANG_WARN_EMPTY_BODY = YES;
				CLANG_WARN_ENUM_CONVERSION = YES;
				CLANG_WARN_INFINITE_RECURSION = YES;
				CLANG_WARN_INT_CONVERSION = YES;
				CLANG_WARN_NON_LITERAL_NULL_CONVERSION = YES;
				CLANG_WARN_OBJC_IMPLICIT_RETAIN_SELF = YES;
				CLANG_WARN_OBJC_LITERAL_CONVERSION = YES;
				CLANG_WARN_OBJC_ROOT_CLASS = YES_ERROR;
				CLANG_WARN_QUOTED_INCLUDE_IN_FRAMEWORK_HEADER = YES;
				CLANG_WARN_RANGE_LOOP_ANALYSIS = YES;
				CLANG_WARN_STRICT_PROTOTYPES = YES;
				CLANG_WARN_SUSPICIOUS_MOVE = YES;
				CLANG_WARN_UNGUARDED_AVAILABILITY = YES_AGGRESSIVE;
				CLANG_WARN_UNREACHABLE_CODE = YES;
				CLANG_WARN__DUPLICATE_METHOD_MATCH = YES;
				COPY_PHASE_STRIP = NO;
				DEBUG_INFORMATION_FORMAT = "dwarf-with-dsym";
				ENABLE_NS_ASSERTIONS = NO;
				ENABLE_STRICT_OBJC_MSGSEND = YES;
				GCC_C_LANGUAGE_STANDARD = gnu11;
				GCC_NO_COMMON_BLOCKS = YES;
				GCC_WARN_64_TO_32_BIT_CONVERSION = YES;
				GCC_WARN_ABOUT_RETURN_TYPE = YES_ERROR;
				GCC_WARN_UNDECLARED_SELECTOR = YES;
				GCC_WARN_UNINITIALIZED_AUTOS = YES_AGGRESSIVE;
				GCC_WARN_UNUSED_FUNCTION = YES;
				GCC_WARN_UNUSED_VARIABLE = YES;
				IPHONEOS_DEPLOYMENT_TARGET = 15.0;
				MTL_ENABLE_DEBUG_INFO = NO;
				MTL_FAST_MATH = YES;
				SDKROOT = iphoneos;
				SWIFT_COMPILATION_MODE = wholemodule;
				SWIFT_OPTIMIZATION_LEVEL = "-O";
				VALIDATE_PRODUCT = YES;
			};
			name = Release;
		};
		BFEB6314274573D800086013 /* Debug */ = {
			isa = XCBuildConfiguration;
			buildSettings = {
				ASSETCATALOG_COMPILER_APPICON_NAME = AppIcon;
				ASSETCATALOG_COMPILER_GLOBAL_ACCENT_COLOR_NAME = AccentColor;
				CODE_SIGN_STYLE = Automatic;
				CURRENT_PROJECT_VERSION = 1;
				DEVELOPMENT_TEAM = 4N2SK34P28;
				GENERATE_INFOPLIST_FILE = YES;
				INFOPLIST_FILE = nano7/Info.plist;
				INFOPLIST_KEY_UIApplicationSupportsIndirectInputEvents = YES;
				INFOPLIST_KEY_UILaunchStoryboardName = LaunchScreen;
				INFOPLIST_KEY_UISupportedInterfaceOrientations = UIInterfaceOrientationPortrait;
				INFOPLIST_KEY_UISupportedInterfaceOrientations_iPad = "UIInterfaceOrientationPortrait UIInterfaceOrientationPortraitUpsideDown UIInterfaceOrientationLandscapeLeft UIInterfaceOrientationLandscapeRight";
				INFOPLIST_KEY_UISupportedInterfaceOrientations_iPhone = "UIInterfaceOrientationPortrait UIInterfaceOrientationLandscapeLeft UIInterfaceOrientationLandscapeRight";
				LD_RUNPATH_SEARCH_PATHS = (
					"$(inherited)",
					"@executable_path/Frameworks",
				);
				MARKETING_VERSION = 1.0;
				MTL_ENABLE_DEBUG_INFO = NO;
				PRODUCT_BUNDLE_IDENTIFIER = AcademyUCB.nano7;
				PRODUCT_NAME = "$(TARGET_NAME)";
				SWIFT_EMIT_LOC_STRINGS = YES;
				SWIFT_VERSION = 5.0;
				TARGETED_DEVICE_FAMILY = "1,2";
			};
			name = Debug;
		};
		BFEB6315274573D800086013 /* Release */ = {
			isa = XCBuildConfiguration;
			buildSettings = {
				ASSETCATALOG_COMPILER_APPICON_NAME = AppIcon;
				ASSETCATALOG_COMPILER_GLOBAL_ACCENT_COLOR_NAME = AccentColor;
				CODE_SIGN_STYLE = Automatic;
				CURRENT_PROJECT_VERSION = 1;
				DEVELOPMENT_TEAM = 4N2SK34P28;
				GENERATE_INFOPLIST_FILE = YES;
				INFOPLIST_FILE = nano7/Info.plist;
				INFOPLIST_KEY_UIApplicationSupportsIndirectInputEvents = YES;
				INFOPLIST_KEY_UILaunchStoryboardName = LaunchScreen;
				INFOPLIST_KEY_UISupportedInterfaceOrientations = UIInterfaceOrientationPortrait;
				INFOPLIST_KEY_UISupportedInterfaceOrientations_iPad = "UIInterfaceOrientationPortrait UIInterfaceOrientationPortraitUpsideDown UIInterfaceOrientationLandscapeLeft UIInterfaceOrientationLandscapeRight";
				INFOPLIST_KEY_UISupportedInterfaceOrientations_iPhone = "UIInterfaceOrientationPortrait UIInterfaceOrientationLandscapeLeft UIInterfaceOrientationLandscapeRight";
				LD_RUNPATH_SEARCH_PATHS = (
					"$(inherited)",
					"@executable_path/Frameworks",
				);
				MARKETING_VERSION = 1.0;
				PRODUCT_BUNDLE_IDENTIFIER = AcademyUCB.nano7;
				PRODUCT_NAME = "$(TARGET_NAME)";
				SWIFT_EMIT_LOC_STRINGS = YES;
				SWIFT_VERSION = 5.0;
				TARGETED_DEVICE_FAMILY = "1,2";
			};
			name = Release;
		};
/* End XCBuildConfiguration section */

/* Begin XCConfigurationList section */
		BFEB62FA274573D500086013 /* Build configuration list for PBXProject "nano7" */ = {
			isa = XCConfigurationList;
			buildConfigurations = (
				BFEB6311274573D800086013 /* Debug */,
				BFEB6312274573D800086013 /* Release */,
			);
			defaultConfigurationIsVisible = 0;
			defaultConfigurationName = Release;
		};
		BFEB6313274573D800086013 /* Build configuration list for PBXNativeTarget "nano7" */ = {
			isa = XCConfigurationList;
			buildConfigurations = (
				BFEB6314274573D800086013 /* Debug */,
				BFEB6315274573D800086013 /* Release */,
			);
			defaultConfigurationIsVisible = 0;
			defaultConfigurationName = Release;
		};
/* End XCConfigurationList section */
	};
	rootObject = BFEB62F7274573D500086013 /* Project object */;
}
